{
  "name": "episode-0XNkUdzxiZI",
  "version": "1.0.0",
  "lockfileVersion": 3,
  "requires": true,
  "packages": {
    "": {
      "name": "episode-0XNkUdzxiZI",
      "version": "1.0.0",
      "license": "ISC",
      "dependencies": {
        "@slidev/cli": "^52.14.2",
        "@slidev/theme-default": "^0.25.0",
        "@slidev/theme-seriph": "^0.25.0",
        "slidev-addon-excalidraw": "^1.1.0",
        "slidev-theme-academic": "^2.1.0"
      },
      "devDependencies": {
        "playwright-chromium": "^1.59.1"
      }
    },
    "../../node_modules/.pnpm/@slidev+cli@52.14.2_@emnapi_21e1bc1bfe5c3f35e68cbac8da5657c8/node_modules/@slidev/cli": {
      "version": "52.14.2",
      "license": "MIT",
      "dependencies": {
        "@antfu/ni": "^28.2.0",
        "@antfu/utils": "^9.3.0",
        "@comark/markdown-it": "^0.3.0",
        "@iconify-json/carbon": "^1.2.19",
        "@iconify-json/ph": "^1.2.2",
        "@iconify-json/svg-spinners": "^1.2.4",
        "@lillallol/outline-pdf": "^4.0.0",
        "@shikijs/markdown-it": "^4.0.1",
        "@shikijs/twoslash": "^4.0.1",
        "@shikijs/vitepress-twoslash": "^4.0.1",
        "@slidev/client": "52.14.2",
        "@slidev/parser": "52.14.2",
        "@slidev/types": "52.14.2",
        "@unocss/extractor-mdc": "^66.6.3",
        "@unocss/reset": "^66.6.3",
        "@vitejs/plugin-vue": "^6.0.4",
        "@vitejs/plugin-vue-jsx": "^5.1.4",
        "ansis": "^4.2.0",
        "chokidar": "^5.0.0",
        "cli-progress": "^3.12.0",
        "connect": "^3.7.0",
        "fast-deep-equal": "^3.1.3",
        "fast-glob": "^3.3.3",
        "get-port-please": "^3.2.0",
        "global-directory": "^5.0.0",
        "htmlparser2": "^10.1.0",
        "is-installed-globally": "^1.0.0",
        "jiti": "^2.6.1",
        "katex": "^0.16.33",
        "local-pkg": "^1.1.2",
        "lz-string": "^1.5.0",
        "magic-string": "^0.30.21",
        "magic-string-stack": "^1.1.0",
        "markdown-exit": "^1.0.0-beta.8",
        "markdown-it-footnote": "^4.0.0",
        "mlly": "^1.8.0",
        "monaco-editor": "^0.55.1",
        "obug": "^2.1.1",
        "open": "^11.0.0",
        "pdf-lib": "^1.17.1",
        "picomatch": "^4.0.3",
        "plantuml-encoder": "^1.4.0",
        "postcss-nested": "^7.0.2",
        "pptxgenjs": "^4.0.1",
        "prompts": "^2.4.2",
        "public-ip": "^8.0.0",
        "resolve-from": "^5.0.0",
        "resolve-global": "^2.0.0",
        "semver": "^7.7.4",
        "shiki": "^4.0.1",
        "shiki-magic-move": "^1.2.1",
        "sirv": "^3.0.2",
        "source-map-js": "^1.2.1",
        "typescript": "^5.9.3",
        "unhead": "^2.1.10",
        "unocss": "^66.6.2",
        "unplugin-icons": "^23.0.1",
        "unplugin-vue-components": "^31.0.0",
        "unplugin-vue-markdown": "^30.0.0",
        "untun": "^0.1.3",
        "uqr": "^0.1.2",
        "vite": "^7.3.1",
        "vite-plugin-inspect": "^11.3.3",
        "vite-plugin-remote-assets": "^2.1.0",
        "vite-plugin-static-copy": "^3.2.0",
        "vite-plugin-vue-server-ref": "^1.0.0",
        "vitefu": "^1.1.2",
        "vue": "^3.5.29",
        "yaml": "^2.8.2",
        "yargs": "^18.0.0"
      },
      "bin": {
        "slidev": "bin/slidev.mjs"
      },
      "devDependencies": {
        "@hedgedoc/markdown-it-plugins": "^2.1.4",
        "@types/picomatch": "^4.0.2",
        "@types/plantuml-encoder": "^1.4.2"
      },
      "engines": {
        "node": ">=20.12.0"
      },
      "funding": {
        "url": "https://github.com/sponsors/antfu"
      },
      "peerDependencies": {
        "playwright-chromium": "^1.10.0"
      },
      "peerDependenciesMeta": {
        "playwright-chromium": {
          "optional": true
        }
      }
    },
    "../../node_modules/.pnpm/@slidev+theme-default@0.25.0/node_modules/@slidev/theme-default": {
      "version": "0.25.0",
      "license": "MIT",
      "dependencies": {
        "@slidev/types": "^0.47.0",
        "codemirror-theme-vars": "^0.1.2",
        "prism-theme-vars": "^0.2.4"
      },
      "engines": {
        "node": ">=14.0.0",
        "slidev": ">=v0.47.0"
      },
      "funding": {
        "url": "https://github.com/sponsors/antfu"
      }
    },
    "../../node_modules/.pnpm/@slidev+theme-seriph@0.25.0/node_modules/@slidev/theme-seriph": {
      "version": "0.25.0",
      "license": "MIT",
      "dependencies": {
        "@slidev/types": "^0.47.0",
        "codemirror-theme-vars": "^0.1.2",
        "prism-theme-vars": "^0.2.4"
      },
      "engines": {
        "node": ">=14.0.0",
        "slidev": ">=v0.47.0"
      },
      "funding": {
        "url": "https://github.com/sponsors/antfu"
      }
    },
    "../../node_modules/.pnpm/slidev-addon-excalidraw@1.1.0/node_modules/slidev-addon-excalidraw": {
      "version": "1.1.0",
      "license": "ISC",
      "devDependencies": {
        "@slidev/cli": "52.14.1",
        "@slidev/theme-default": "0.25.0",
        "playwright-chromium": "1.58.2"
      }
    },
    "../../node_modules/.pnpm/slidev-theme-academic@2.1.0_a5a35228a740ac711521b63fe5539892/node_modules/slidev-theme-academic": {
      "version": "2.1.0",
      "license": "MIT",
      "dependencies": {
        "@slidev/types": "^0.29.2",
        "unocss": "^0.62.3"
      },
      "devDependencies": {
        "@alexanderdavide/prettier-config": "^1.0.1",
        "@commitlint/cli": "^16.2.1",
        "@commitlint/config-conventional": "^16.2.1",
        "@iconify-json/mdi": "^1.1.0",
        "@release-it/conventional-changelog": "^4.2.0",
        "@slidev/cli": "^0.49.29",
        "husky": "^7.0.4",
        "playwright-chromium": "^1.19.2",
        "prettier": "^2.6.2",
        "release-it": "^14.12.5"
      },
      "engines": {
        "node": ">=18.0.0",
        "slidev": ">=0.47.0"
      },
      "funding": {
        "url": "https://ko-fi.com/alexanderdavide"
      }
    },
    "node_modules/@slidev/cli": {
      "resolved": "../../node_modules/.pnpm/@slidev+cli@52.14.2_@emnapi_21e1bc1bfe5c3f35e68cbac8da5657c8/node_modules/@slidev/cli",
      "link": true
    },
    "node_modules/@slidev/theme-default": {
      "resolved": "../../node_modules/.pnpm/@slidev+theme-default@0.25.0/node_modules/@slidev/theme-default",
      "link": true
    },
    "node_modules/@slidev/theme-seriph": {
      "resolved": "../../node_modules/.pnpm/@slidev+theme-seriph@0.25.0/node_modules/@slidev/theme-seriph",
      "link": true
    },
    "node_modules/playwright-chromium": {
      "version": "1.59.1",
      "resolved": "https://registry.npmjs.org/playwright-chromium/-/playwright-chromium-1.59.1.tgz",
      "integrity": "sha512-aTsPenkxsr9np4vIHuMEND6comqepVvzbL0MwkozFNliwGZjTqrBUQ7TF6Ay1ZIU/e7rcUpGsCTUG+nqwxG2Xw==",
      "dev": true,
      "hasInstallScript": true,
      "license": "Apache-2.0",
      "dependencies": {
        "playwright-core": "1.59.1"
      },
      "bin": {
        "playwright": "cli.js"
      },
      "engines": {
        "node": ">=18"
      }
    },
    "node_modules/playwright-core": {
      "version": "1.59.1",
      "resolved": "https://registry.npmjs.org/playwright-core/-/playwright-core-1.59.1.tgz",
      "integrity": "sha512-HBV/RJg81z5BiiZ9yPzIiClYV/QMsDCKUyogwH9p3MCP6IYjUFu/MActgYAvK0oWyV9NlwM3GLBjADyWgydVyg==",
      "dev": true,
      "license": "Apache-2.0",
      "bin": {
        "playwright-core": "cli.js"
      },
      "engines": {
        "node": ">=18"
      }
    },
    "node_modules/slidev-addon-excalidraw": {
      "resolved": "../../node_modules/.pnpm/slidev-addon-excalidraw@1.1.0/node_modules/slidev-addon-excalidraw",
      "link": true
    },
    "node_modules/slidev-theme-academic": {
      "resolved": "../../node_modules/.pnpm/slidev-theme-academic@2.1.0_a5a35228a740ac711521b63fe5539892/node_modules/slidev-theme-academic",
      "link": true
    }
  }
}
